
Microsoft Visual Studio Solution File, Format Version 12.00
# Visual Studio Version 17
VisualStudioVersion = 17.5.33414.496
MinimumVisualStudioVersion = 10.0.40219.1
Project("{FAE04EC0-301F-11D3-BF4B-00C04F79EFBC}") = "HR_Board", "HR_Board.csproj", "{45584DFC-8F7B-41FC-895C-3F929EFA73C5}"
EndProject
Global
	GlobalSection(SolutionConfigurationPlatforms) = preSolution
		Debug|Any CPU = Debug|Any CPU
		Release|Any CPU = Release|Any CPU
	EndGlobalSection
	GlobalSection(ProjectConfigurationPlatforms) = postSolution
		{45584DFC-8F7B-41FC-895C-3F929EFA73C5}.Debug|Any CPU.ActiveCfg = Debug|Any CPU
		{45584DFC-8F7B-41FC-895C-3F929EFA73C5}.Debug|Any CPU.Build.0 = Debug|Any CPU
		{45584DFC-8F7B-41FC-895C-3F929EFA73C5}.Release|Any CPU.ActiveCfg = Release|Any CPU
		{45584DFC-8F7B-41FC-895C-3F929EFA73C5}.Release|Any CPU.Build.0 = Release|Any CPU
	EndGlobalSection
	GlobalSection(SolutionProperties) = preSolution
		HideSolutionNode = FALSE
	EndGlobalSection
	GlobalSection(ExtensibilityGlobals) = postSolution
		SolutionGuid = {0B8EF260-DCBC-46B8-AAC1-F48D99F6CB96}
	EndGlobalSection
EndGlobal
